
Microsoft Visual Studio Solution File, Format Version 12.00
# Visual Studio 14
VisualStudioVersion = 14.0.25420.1
MinimumVisualStudioVersion = 10.0.40219.1
Project("{FAE04EC0-301F-11D3-BF4B-00C04F79EFBC}") = "ColourSplash", "ColourSplash\ColourSplash.csproj", "{AD623561-6DC2-46B2-AC14-12C28BA7D86F}"
EndProject
Global
	GlobalSection(SolutionConfigurationPlatforms) = preSolution
		Ad-Hoc|Any CPU = Ad-Hoc|Any CPU
		Ad-Hoc|iPhone = Ad-Hoc|iPhone
		Ad-Hoc|iPhoneSimulator = Ad-Hoc|iPhoneSimulator
		AppStore|Any CPU = AppStore|Any CPU
		AppStore|iPhone = AppStore|iPhone
		AppStore|iPhoneSimulator = AppStore|iPhoneSimulator
		Debug|Any CPU = Debug|Any CPU
		Debug|iPhone = Debug|iPhone
		Debug|iPhoneSimulator = Debug|iPhoneSimulator
		Release|Any CPU = Release|Any CPU
		Release|iPhone = Release|iPhone
		Release|iPhoneSimulator = Release|iPhoneSimulator
	EndGlobalSection
	GlobalSection(ProjectConfigurationPlatforms) = postSolution
		{AD623561-6DC2-46B2-AC14-12C28BA7D86F}.Ad-Hoc|Any CPU.ActiveCfg = Release|Any CPU
		{AD623561-6DC2-46B2-AC14-12C28BA7D86F}.Ad-Hoc|Any CPU.Build.0 = Release|Any CPU
		{AD623561-6DC2-46B2-AC14-12C28BA7D86F}.Ad-Hoc|Any CPU.Deploy.0 = Release|Any CPU
		{AD623561-6DC2-46B2-AC14-12C28BA7D86F}.Ad-Hoc|iPhone.ActiveCfg = Release|Any CPU
		{AD623561-6DC2-46B2-AC14-12C28BA7D86F}.Ad-Hoc|iPhone.Build.0 = Release|Any CPU
		{AD623561-6DC2-46B2-AC14-12C28BA7D86F}.Ad-Hoc|iPhone.Deploy.0 = Release|Any CPU
		{AD623561-6DC2-46B2-AC14-12C28BA7D86F}.Ad-Hoc|iPhoneSimulator.ActiveCfg = Release|Any CPU
		{AD623561-6DC2-46B2-AC14-12C28BA7D86F}.Ad-Hoc|iPhoneSimulator.Build.0 = Release|Any CPU
		{AD623561-6DC2-46B2-AC14-12C28BA7D86F}.Ad-Hoc|iPhoneSimulator.Deploy.0 = Release|Any CPU
		{AD623561-6DC2-46B2-AC14-12C28BA7D86F}.AppStore|Any CPU.ActiveCfg = Release|Any CPU
		{AD623561-6DC2-46B2-AC14-12C28BA7D86F}.AppStore|Any CPU.Build.0 = Release|Any CPU
		{AD623561-6DC2-46B2-AC14-12C28BA7D86F}.AppStore|Any CPU.Deploy.0 = Release|Any CPU
		{AD623561-6DC2-46B2-AC14-12C28BA7D86F}.AppStore|iPhone.ActiveCfg = Release|Any CPU
		{AD623561-6DC2-46B2-AC14-12C28BA7D86F}.AppStore|iPhone.Build.0 = Release|Any CPU
		{AD623561-6DC2-46B2-AC14-12C28BA7D86F}.AppStore|iPhone.Deploy.0 = Release|Any CPU
		{AD623561-6DC2-46B2-AC14-12C28BA7D86F}.AppStore|iPhoneSimulator.ActiveCfg = Release|Any CPU
		{AD623561-6DC2-46B2-AC14-12C28BA7D86F}.AppStore|iPhoneSimulator.Build.0 = Release|Any CPU
		{AD623561-6DC2-46B2-AC14-12C28BA7D86F}.AppStore|iPhoneSimulator.Deploy.0 = Release|Any CPU
		{AD623561-6DC2-46B2-AC14-12C28BA7D86F}.Debug|Any CPU.ActiveCfg = Debug|Any CPU
		{AD623561-6DC2-46B2-AC14-12C28BA7D86F}.Debug|Any CPU.Build.0 = Debug|Any CPU
		{AD623561-6DC2-46B2-AC14-12C28BA7D86F}.Debug|Any CPU.Deploy.0 = Debug|Any CPU
		{AD623561-6DC2-46B2-AC14-12C28BA7D86F}.Debug|iPhone.ActiveCfg = Debug|Any CPU
		{AD623561-6DC2-46B2-AC14-12C28BA7D86F}.Debug|iPhone.Build.0 = Debug|Any CPU
		{AD623561-6DC2-46B2-AC14-12C28BA7D86F}.Debug|iPhone.Deploy.0 = Debug|Any CPU
		{AD623561-6DC2-46B2-AC14-12C28BA7D86F}.Debug|iPhoneSimulator.ActiveCfg = Debug|Any CPU
		{AD623561-6DC2-46B2-AC14-12C28BA7D86F}.Debug|iPhoneSimulator.Build.0 = Debug|Any CPU
		{AD623561-6DC2-46B2-AC14-12C28BA7D86F}.Debug|iPhoneSimulator.Deploy.0 = Debug|Any CPU
		{AD623561-6DC2-46B2-AC14-12C28BA7D86F}.Release|Any CPU.ActiveCfg = Release|Any CPU
		{AD623561-6DC2-46B2-AC14-12C28BA7D86F}.Release|Any CPU.Build.0 = Release|Any CPU
		{AD623561-6DC2-46B2-AC14-12C28BA7D86F}.Release|Any CPU.Deploy.0 = Release|Any CPU
		{AD623561-6DC2-46B2-AC14-12C28BA7D86F}.Release|iPhone.ActiveCfg = Release|Any CPU
		{AD623561-6DC2-46B2-AC14-12C28BA7D86F}.Release|iPhone.Build.0 = Release|Any CPU
		{AD623561-6DC2-46B2-AC14-12C28BA7D86F}.Release|iPhone.Deploy.0 = Release|Any CPU
		{AD623561-6DC2-46B2-AC14-12C28BA7D86F}.Release|iPhoneSimulator.ActiveCfg = Release|Any CPU
		{AD623561-6DC2-46B2-AC14-12C28BA7D86F}.Release|iPhoneSimulator.Build.0 = Release|Any CPU
		{AD623561-6DC2-46B2-AC14-12C28BA7D86F}.Release|iPhoneSimulator.Deploy.0 = Release|Any CPU
	EndGlobalSection
	GlobalSection(SolutionProperties) = preSolution
		HideSolutionNode = FALSE
	EndGlobalSection
EndGlobal
